// !$*UTF8*$!
{
	archiveVersion = 1;
	classes = {
	};
	objectVersion = 56;
	objects = {

/* Begin PBXBuildFile section */
		E130ACE12A3CF4A6003F91E4 /* Most_Magical_PinsApp.swift in Sources */ = {isa = PBXBuildFile; fileRef = E130ACE02A3CF4A6003F91E4 /* Most_Magical_PinsApp.swift */; };
		E130ACE32A3CF4A6003F91E4 /* ContentView.swift in Sources */ = {isa = PBXBuildFile; fileRef = E130ACE22A3CF4A6003F91E4 /* ContentView.swift */; };
		E130ACE52A3CF4A7003F91E4 /* Assets.xcassets in Resources */ = {isa = PBXBuildFile; fileRef = E130ACE42A3CF4A7003F91E4 /* Assets.xcassets */; };
		E130ACE82A3CF4A7003F91E4 /* Preview Assets.xcassets in Resources */ = {isa = PBXBuildFile; fileRef = E130ACE72A3CF4A7003F91E4 /* Preview Assets.xcassets */; };
		E130ACF22A3CF4A7003F91E4 /* Most_Magical_PinsTests.swift in Sources */ = {isa = PBXBuildFile; fileRef = E130ACF12A3CF4A7003F91E4 /* Most_Magical_PinsTests.swift */; };
		E130ACFC2A3CF4A7003F91E4 /* Most_Magical_PinsUITests.swift in Sources */ = {isa = PBXBuildFile; fileRef = E130ACFB2A3CF4A7003F91E4 /* Most_Magical_PinsUITests.swift */; };
		E130ACFE2A3CF4A7003F91E4 /* Most_Magical_PinsUITestsLaunchTests.swift in Sources */ = {isa = PBXBuildFile; fileRef = E130ACFD2A3CF4A7003F91E4 /* Most_Magical_PinsUITestsLaunchTests.swift */; };
/* End PBXBuildFile section */

/* Begin PBXContainerItemProxy section */
		E130ACEE2A3CF4A7003F91E4 /* PBXContainerItemProxy */ = {
			isa = PBXContainerItemProxy;
			containerPortal = E130ACD52A3CF4A6003F91E4 /* Project object */;
			proxyType = 1;
			remoteGlobalIDString = E130ACDC2A3CF4A6003F91E4;
			remoteInfo = "Most Magical Pins";
		};
		E130ACF82A3CF4A7003F91E4 /* PBXContainerItemProxy */ = {
			isa = PBXContainerItemProxy;
			containerPortal = E130ACD52A3CF4A6003F91E4 /* Project object */;
			proxyType = 1;
			remoteGlobalIDString = E130ACDC2A3CF4A6003F91E4;
			remoteInfo = "Most Magical Pins";
		};
/* End PBXContainerItemProxy section */

/* Begin PBXFileReference section */
		E130ACDD2A3CF4A6003F91E4 /* Most Magical Pins.app */ = {isa = PBXFileReference; explicitFileType = wrapper.application; includeInIndex = 0; path = "Most Magical Pins.app"; sourceTree = BUILT_PRODUCTS_DIR; };
		E130ACE02A3CF4A6003F91E4 /* Most_Magical_PinsApp.swift */ = {isa = PBXFileReference; lastKnownFileType = sourcecode.swift; path = Most_Magical_PinsApp.swift; sourceTree = "<group>"; };
		E130ACE22A3CF4A6003F91E4 /* ContentView.swift */ = {isa = PBXFileReference; lastKnownFileType = sourcecode.swift; path = ContentView.swift; sourceTree = "<group>"; };
		E130ACE42A3CF4A7003F91E4 /* Assets.xcassets */ = {isa = PBXFileReference; lastKnownFileType = folder.assetcatalog; path = Assets.xcassets; sourceTree = "<group>"; };
		E130ACE72A3CF4A7003F91E4 /* Preview Assets.xcassets */ = {isa = PBXFileReference; lastKnownFileType = folder.assetcatalog; path = "Preview Assets.xcassets"; sourceTree = "<group>"; };
		E130ACED2A3CF4A7003F91E4 /* Most Magical PinsTests.xctest */ = {isa = PBXFileReference; explicitFileType = wrapper.cfbundle; includeInIndex = 0; path = "Most Magical PinsTests.xctest"; sourceTree = BUILT_PRODUCTS_DIR; };
		E130ACF12A3CF4A7003F91E4 /* Most_Magical_PinsTests.swift */ = {isa = PBXFileReference; lastKnownFileType = sourcecode.swift; path = Most_Magical_PinsTests.swift; sourceTree = "<group>"; };
		E130ACF72A3CF4A7003F91E4 /* Most Magical PinsUITests.xctest */ = {isa = PBXFileReference; explicitFileType = wrapper.cfbundle; includeInIndex = 0; path = "Most Magical PinsUITests.xctest"; sourceTree = BUILT_PRODUCTS_DIR; };
		E130ACFB2A3CF4A7003F91E4 /* Most_Magical_PinsUITests.swift */ = {isa = PBXFileReference; lastKnownFileType = sourcecode.swift; path = Most_Magical_PinsUITests.swift; sourceTree = "<group>"; };
		E130ACFD2A3CF4A7003F91E4 /* Most_Magical_PinsUITestsLaunchTests.swift */ = {isa = PBXFileReference; lastKnownFileType = sourcecode.swift; path = Most_Magical_PinsUITestsLaunchTests.swift; sourceTree = "<group>"; };
/* End PBXFileReference section */

/* Begin PBXFrameworksBuildPhase section */
		E130ACDA2A3CF4A6003F91E4 /* Frameworks */ = {
			isa = PBXFrameworksBuildPhase;
			buildActionMask = 2147483647;
			files = (
			);
			runOnlyForDeploymentPostprocessing = 0;
		};
		E130ACEA2A3CF4A7003F91E4 /* Frameworks */ = {
			isa = PBXFrameworksBuildPhase;
			buildActionMask = 2147483647;
			files = (
			);
			runOnlyForDeploymentPostprocessing = 0;
		};
		E130ACF42A3CF4A7003F91E4 /* Frameworks */ = {
			isa = PBXFrameworksBuildPhase;
			buildActionMask = 2147483647;
			files = (
			);
			runOnlyForDeploymentPostprocessing = 0;
		};
/* End PBXFrameworksBuildPhase section */

/* Begin PBXGroup section */
		E130ACD42A3CF4A6003F91E4 = {
			isa = PBXGroup;
			children = (
				E130ACDF2A3CF4A6003F91E4 /* Most Magical Pins */,
				E130ACF02A3CF4A7003F91E4 /* Most Magical PinsTests */,
				E130ACFA2A3CF4A7003F91E4 /* Most Magical PinsUITests */,
				E130ACDE2A3CF4A6003F91E4 /* Products */,
			);
			sourceTree = "<group>";
		};
		E130ACDE2A3CF4A6003F91E4 /* Products */ = {
			isa = PBXGroup;
			children = (
				E130ACDD2A3CF4A6003F91E4 /* Most Magical Pins.app */,
				E130ACED2A3CF4A7003F91E4 /* Most Magical PinsTests.xctest */,
				E130ACF72A3CF4A7003F91E4 /* Most Magical PinsUITests.xctest */,
			);
			name = Products;
			sourceTree = "<group>";
		};
		E130ACDF2A3CF4A6003F91E4 /* Most Magical Pins */ = {
			isa = PBXGroup;
			children = (
				E130ACE02A3CF4A6003F91E4 /* Most_Magical_PinsApp.swift */,
				E130ACE22A3CF4A6003F91E4 /* ContentView.swift */,
				E130ACE42A3CF4A7003F91E4 /* Assets.xcassets */,
				E130ACE62A3CF4A7003F91E4 /* Preview Content */,
			);
			path = "Most Magical Pins";
			sourceTree = "<group>";
		};
		E130ACE62A3CF4A7003F91E4 /* Preview Content */ = {
			isa = PBXGroup;
			children = (
				E130ACE72A3CF4A7003F91E4 /* Preview Assets.xcassets */,
			);
			path = "Preview Content";
			sourceTree = "<group>";
		};
		E130ACF02A3CF4A7003F91E4 /* Most Magical PinsTests */ = {
			isa = PBXGroup;
			children = (
				E130ACF12A3CF4A7003F91E4 /* Most_Magical_PinsTests.swift */,
			);
			path = "Most Magical PinsTests";
			sourceTree = "<group>";
		};
		E130ACFA2A3CF4A7003F91E4 /* Most Magical PinsUITests */ = {
			isa = PBXGroup;
			children = (
				E130ACFB2A3CF4A7003F91E4 /* Most_Magical_PinsUITests.swift */,
				E130ACFD2A3CF4A7003F91E4 /* Most_Magical_PinsUITestsLaunchTests.swift */,
			);
			path = "Most Magical PinsUITests";
			sourceTree = "<group>";
		};
/* End PBXGroup section */

/* Begin PBXNativeTarget section */
		E130ACDC2A3CF4A6003F91E4 /* Most Magical Pins */ = {
			isa = PBXNativeTarget;
			buildConfigurationList = E130AD012A3CF4A7003F91E4 /* Build configuration list for PBXNativeTarget "Most Magical Pins" */;
			buildPhases = (
				E130ACD92A3CF4A6003F91E4 /* Sources */,
				E130ACDA2A3CF4A6003F91E4 /* Frameworks */,
				E130ACDB2A3CF4A6003F91E4 /* Resources */,
			);
			buildRules = (
			);
			dependencies = (
			);
			name = "Most Magical Pins";
			productName = "Most Magical Pins";
			productReference = E130ACDD2A3CF4A6003F91E4 /* Most Magical Pins.app */;
			productType = "com.apple.product-type.application";
		};
		E130ACEC2A3CF4A7003F91E4 /* Most Magical PinsTests */ = {
			isa = PBXNativeTarget;
			buildConfigurationList = E130AD042A3CF4A7003F91E4 /* Build configuration list for PBXNativeTarget "Most Magical PinsTests" */;
			buildPhases = (
				E130ACE92A3CF4A7003F91E4 /* Sources */,
				E130ACEA2A3CF4A7003F91E4 /* Frameworks */,
				E130ACEB2A3CF4A7003F91E4 /* Resources */,
			);
			buildRules = (
			);
			dependencies = (
				E130ACEF2A3CF4A7003F91E4 /* PBXTargetDependency */,
			);
			name = "Most Magical PinsTests";
			productName = "Most Magical PinsTests";
			productReference = E130ACED2A3CF4A7003F91E4 /* Most Magical PinsTests.xctest */;
			productType = "com.apple.product-type.bundle.unit-test";
		};
		E130ACF62A3CF4A7003F91E4 /* Most Magical PinsUITests */ = {
			isa = PBXNativeTarget;
			buildConfigurationList = E130AD072A3CF4A7003F91E4 /* Build configuration list for PBXNativeTarget "Most Magical PinsUITests" */;
			buildPhases = (
				E130ACF32A3CF4A7003F91E4 /* Sources */,
				E130ACF42A3CF4A7003F91E4 /* Frameworks */,
				E130ACF52A3CF4A7003F91E4 /* Resources */,
			);
			buildRules = (
			);
			dependencies = (
				E130ACF92A3CF4A7003F91E4 /* PBXTargetDependency */,
			);
			name = "Most Magical PinsUITests";
			productName = "Most Magical PinsUITests";
			productReference = E130ACF72A3CF4A7003F91E4 /* Most Magical PinsUITests.xctest */;
			productType = "com.apple.product-type.bundle.ui-testing";
		};
/* End PBXNativeTarget section */

/* Begin PBXProject section */
		E130ACD52A3CF4A6003F91E4 /* Project object */ = {
			isa = PBXProject;
			attributes = {
				BuildIndependentTargetsInParallel = 1;
				LastSwiftUpdateCheck = 1420;
				LastUpgradeCheck = 1420;
				TargetAttributes = {
					E130ACDC2A3CF4A6003F91E4 = {
						CreatedOnToolsVersion = 14.2;
					};
					E130ACEC2A3CF4A7003F91E4 = {
						CreatedOnToolsVersion = 14.2;
						TestTargetID = E130ACDC2A3CF4A6003F91E4;
					};
					E130ACF62A3CF4A7003F91E4 = {
						CreatedOnToolsVersion = 14.2;
						TestTargetID = E130ACDC2A3CF4A6003F91E4;
					};
				};
			};
			buildConfigurationList = E130ACD82A3CF4A6003F91E4 /* Build configuration list for PBXProject "Most Magical Pins" */;
			compatibilityVersion = "Xcode 14.0";
			developmentRegion = en;
			hasScannedForEncodings = 0;
			knownRegions = (
				en,
				Base,
			);
			mainGroup = E130ACD42A3CF4A6003F91E4;
			productRefGroup = E130ACDE2A3CF4A6003F91E4 /* Products */;
			projectDirPath = "";
			projectRoot = "";
			targets = (
				E130ACDC2A3CF4A6003F91E4 /* Most Magical Pins */,
				E130ACEC2A3CF4A7003F91E4 /* Most Magical PinsTests */,
				E130ACF62A3CF4A7003F91E4 /* Most Magical PinsUITests */,
			);
		};
/* End PBXProject section */

/* Begin PBXResourcesBuildPhase section */
		E130ACDB2A3CF4A6003F91E4 /* Resources */ = {
			isa = PBXResourcesBuildPhase;
			buildActionMask = 2147483647;
			files = (
				E130ACE82A3CF4A7003F91E4 /* Preview Assets.xcassets in Resources */,
				E130ACE52A3CF4A7003F91E4 /* Assets.xcassets in Resources */,
			);
			runOnlyForDeploymentPostprocessing = 0;
		};
		E130ACEB2A3CF4A7003F91E4 /* Resources */ = {
			isa = PBXResourcesBuildPhase;
			buildActionMask = 2147483647;
			files = (
			);
			runOnlyForDeploymentPostprocessing = 0;
		};
		E130ACF52A3CF4A7003F91E4 /* Resources */ = {
			isa = PBXResourcesBuildPhase;
			buildActionMask = 2147483647;
			files = (
			);
			runOnlyForDeploymentPostprocessing = 0;
		};
/* End PBXResourcesBuildPhase section */

/* Begin PBXSourcesBuildPhase section */
		E130ACD92A3CF4A6003F91E4 /* Sources */ = {
			isa = PBXSourcesBuildPhase;
			buildActionMask = 2147483647;
			files = (
				E130ACE32A3CF4A6003F91E4 /* ContentView.swift in Sources */,
				E130ACE12A3CF4A6003F91E4 /* Most_Magical_PinsApp.swift in Sources */,
			);
			runOnlyForDeploymentPostprocessing = 0;
		};
		E130ACE92A3CF4A7003F91E4 /* Sources */ = {
			isa = PBXSourcesBuildPhase;
			buildActionMask = 2147483647;
			files = (
				E130ACF22A3CF4A7003F91E4 /* Most_Magical_PinsTests.swift in Sources */,
			);
			runOnlyForDeploymentPostprocessing = 0;
		};
		E130ACF32A3CF4A7003F91E4 /* Sources */ = {
			isa = PBXSourcesBuildPhase;
			buildActionMask = 2147483647;
			files = (
				E130ACFE2A3CF4A7003F91E4 /* Most_Magical_PinsUITestsLaunchTests.swift in Sources */,
				E130ACFC2A3CF4A7003F91E4 /* Most_Magical_PinsUITests.swift in Sources */,
			);
			runOnlyForDeploymentPostprocessing = 0;
		};
/* End PBXSourcesBuildPhase section */

/* Begin PBXTargetDependency section */
		E130ACEF2A3CF4A7003F91E4 /* PBXTargetDependency */ = {
			isa = PBXTargetDependency;
			target = E130ACDC2A3CF4A6003F91E4 /* Most Magical Pins */;
			targetProxy = E130ACEE2A3CF4A7003F91E4 /* PBXContainerItemProxy */;
		};
		E130ACF92A3CF4A7003F91E4 /* PBXTargetDependency */ = {
			isa = PBXTargetDependency;
			target = E130ACDC2A3CF4A6003F91E4 /* Most Magical Pins */;
			targetProxy = E130ACF82A3CF4A7003F91E4 /* PBXContainerItemProxy */;
		};
/* End PBXTargetDependency section */

/* Begin XCBuildConfiguration section */
		E130ACFF2A3CF4A7003F91E4 /* Debug */ = {
			isa = XCBuildConfiguration;
			buildSettings = {
				ALWAYS_SEARCH_USER_PATHS = NO;
				CLANG_ANALYZER_NONNULL = YES;
				CLANG_ANALYZER_NUMBER_OBJECT_CONVERSION = YES_AGGRESSIVE;
				CLANG_CXX_LANGUAGE_STANDARD = "gnu++20";
				CLANG_ENABLE_MODULES = YES;
				CLANG_ENABLE_OBJC_ARC = YES;
				CLANG_ENABLE_OBJC_WEAK = YES;
				CLANG_WARN_BLOCK_CAPTURE_AUTORELEASING = YES;
				CLANG_WARN_BOOL_CONVERSION = YES;
				CLANG_WARN_COMMA = YES;
				CLANG_WARN_CONSTANT_CONVERSION = YES;
				CLANG_WARN_DEPRECATED_OBJC_IMPLEMENTATIONS = YES;
				CLANG_WARN_DIRECT_OBJC_ISA_USAGE = YES_ERROR;
				CLANG_WARN_DOCUMENTATION_COMMENTS = YES;
				CLANG_WARN_EMPTY_BODY = YES;
				CLANG_WARN_ENUM_CONVERSION = YES;
				CLANG_WARN_INFINITE_RECURSION = YES;
				CLANG_WARN_INT_CONVERSION = YES;
				CLANG_WARN_NON_LITERAL_NULL_CONVERSION = YES;
				CLANG_WARN_OBJC_IMPLICIT_RETAIN_SELF = YES;
				CLANG_WARN_OBJC_LITERAL_CONVERSION = YES;
				CLANG_WARN_OBJC_ROOT_CLASS = YES_ERROR;
				CLANG_WARN_QUOTED_INCLUDE_IN_FRAMEWORK_HEADER = YES;
				CLANG_WARN_RANGE_LOOP_ANALYSIS = YES;
				CLANG_WARN_STRICT_PROTOTYPES = YES;
				CLANG_WARN_SUSPICIOUS_MOVE = YES;
				CLANG_WARN_UNGUARDED_AVAILABILITY = YES_AGGRESSIVE;
				CLANG_WARN_UNREACHABLE_CODE = YES;
				CLANG_WARN__DUPLICATE_METHOD_MATCH = YES;
				COPY_PHASE_STRIP = NO;
				DEBUG_INFORMATION_FORMAT = dwarf;
				ENABLE_STRICT_OBJC_MSGSEND = YES;
				ENABLE_TESTABILITY = YES;
				GCC_C_LANGUAGE_STANDARD = gnu11;
				GCC_DYNAMIC_NO_PIC = NO;
				GCC_NO_COMMON_BLOCKS = YES;
				GCC_OPTIMIZATION_LEVEL = 0;
				GCC_PREPROCESSOR_DEFINITIONS = (
					"DEBUG=1",
					"$(inherited)",
				);
				GCC_WARN_64_TO_32_BIT_CONVERSION = YES;
				GCC_WARN_ABOUT_RETURN_TYPE = YES_ERROR;
				GCC_WARN_UNDECLARED_SELECTOR = YES;
				GCC_WARN_UNINITIALIZED_AUTOS = YES_AGGRESSIVE;
				GCC_WARN_UNUSED_FUNCTION = YES;
				GCC_WARN_UNUSED_VARIABLE = YES;
				IPHONEOS_DEPLOYMENT_TARGET = 16.2;
				MTL_ENABLE_DEBUG_INFO = INCLUDE_SOURCE;
				MTL_FAST_MATH = YES;
				ONLY_ACTIVE_ARCH = YES;
				SDKROOT = iphoneos;
				SWIFT_ACTIVE_COMPILATION_CONDITIONS = DEBUG;
				SWIFT_OPTIMIZATION_LEVEL = "-Onone";
			};
			name = Debug;
		};
		E130AD002A3CF4A7003F91E4 /* Release */ = {
			isa = XCBuildConfiguration;
			buildSettings = {
				ALWAYS_SEARCH_USER_PATHS = NO;
				CLANG_ANALYZER_NONNULL = YES;
				CLANG_ANALYZER_NUMBER_OBJECT_CONVERSION = YES_AGGRESSIVE;
				CLANG_CXX_LANGUAGE_STANDARD = "gnu++20";
				CLANG_ENABLE_MODULES = YES;
				CLANG_ENABLE_OBJC_ARC = YES;
				CLANG_ENABLE_OBJC_WEAK = YES;
				CLANG_WARN_BLOCK_CAPTURE_AUTORELEASING = YES;
				CLANG_WARN_BOOL_CONVERSION = YES;
				CLANG_WARN_COMMA = YES;
				CLANG_WARN_CONSTANT_CONVERSION = YES;
				CLANG_WARN_DEPRECATED_OBJC_IMPLEMENTATIONS = YES;
				CLANG_WARN_DIRECT_OBJC_ISA_USAGE = YES_ERROR;
				CLANG_WARN_DOCUMENTATION_COMMENTS = YES;
				CLANG_WARN_EMPTY_BODY = YES;
				CLANG_WARN_ENUM_CONVERSION = YES;
				CLANG_WARN_INFINITE_RECURSION = YES;
				CLANG_WARN_INT_CONVERSION = YES;
				CLANG_WARN_NON_LITERAL_NULL_CONVERSION = YES;
				CLANG_WARN_OBJC_IMPLICIT_RETAIN_SELF = YES;
				CLANG_WARN_OBJC_LITERAL_CONVERSION = YES;
				CLANG_WARN_OBJC_ROOT_CLASS = YES_ERROR;
				CLANG_WARN_QUOTED_INCLUDE_IN_FRAMEWORK_HEADER = YES;
				CLANG_WARN_RANGE_LOOP_ANALYSIS = YES;
				CLANG_WARN_STRICT_PROTOTYPES = YES;
				CLANG_WARN_SUSPICIOUS_MOVE = YES;
				CLANG_WARN_UNGUARDED_AVAILABILITY = YES_AGGRESSIVE;
				CLANG_WARN_UNREACHABLE_CODE = YES;
				CLANG_WARN__DUPLICATE_METHOD_MATCH = YES;
				COPY_PHASE_STRIP = NO;
				DEBUG_INFORMATION_FORMAT = "dwarf-with-dsym";
				ENABLE_NS_ASSERTIONS = NO;
				ENABLE_STRICT_OBJC_MSGSEND = YES;
				GCC_C_LANGUAGE_STANDARD = gnu11;
				GCC_NO_COMMON_BLOCKS = YES;
				GCC_WARN_64_TO_32_BIT_CONVERSION = YES;
				GCC_WARN_ABOUT_RETURN_TYPE = YES_ERROR;
				GCC_WARN_UNDECLARED_SELECTOR = YES;
				GCC_WARN_UNINITIALIZED_AUTOS = YES_AGGRESSIVE;
				GCC_WARN_UNUSED_FUNCTION = YES;
				GCC_WARN_UNUSED_VARIABLE = YES;
				IPHONEOS_DEPLOYMENT_TARGET = 16.2;
				MTL_ENABLE_DEBUG_INFO = NO;
				MTL_FAST_MATH = YES;
				SDKROOT = iphoneos;
				SWIFT_COMPILATION_MODE = wholemodule;
				SWIFT_OPTIMIZATION_LEVEL = "-O";
				VALIDATE_PRODUCT = YES;
			};
			name = Release;
		};
		E130AD022A3CF4A7003F91E4 /* Debug */ = {
			isa = XCBuildConfiguration;
			buildSettings = {
				ASSETCATALOG_COMPILER_APPICON_NAME = AppIcon;
				ASSETCATALOG_COMPILER_GLOBAL_ACCENT_COLOR_NAME = AccentColor;
				CODE_SIGN_STYLE = Automatic;
				CURRENT_PROJECT_VERSION = 1;
				DEVELOPMENT_ASSET_PATHS = "\"Most Magical Pins/Preview Content\"";
				ENABLE_PREVIEWS = YES;
				GENERATE_INFOPLIST_FILE = YES;
				INFOPLIST_KEY_UIApplicationSceneManifest_Generation = YES;
				INFOPLIST_KEY_UIApplicationSupportsIndirectInputEvents = YES;
				INFOPLIST_KEY_UILaunchScreen_Generation = YES;
				INFOPLIST_KEY_UISupportedInterfaceOrientations_iPad = "UIInterfaceOrientationPortrait UIInterfaceOrientationPortraitUpsideDown UIInterfaceOrientationLandscapeLeft UIInterfaceOrientationLandscapeRight";
				INFOPLIST_KEY_UISupportedInterfaceOrientations_iPhone = "UIInterfaceOrientationPortrait UIInterfaceOrientationLandscapeLeft UIInterfaceOrientationLandscapeRight";
				LD_RUNPATH_SEARCH_PATHS = (
					"$(inherited)",
					"@executable_path/Frameworks",
				);
				MARKETING_VERSION = 1.0;
				PRODUCT_BUNDLE_IDENTIFIER = "threelambs.com.Most-Magical-Pins";
				PRODUCT_NAME = "$(TARGET_NAME)";
				SWIFT_EMIT_LOC_STRINGS = YES;
				SWIFT_VERSION = 5.0;
				TARGETED_DEVICE_FAMILY = "1,2";
			};
			name = Debug;
		};
		E130AD032A3CF4A7003F91E4 /* Release */ = {
			isa = XCBuildConfiguration;
			buildSettings = {
				ASSETCATALOG_COMPILER_APPICON_NAME = AppIcon;
				ASSETCATALOG_COMPILER_GLOBAL_ACCENT_COLOR_NAME = AccentColor;
				CODE_SIGN_STYLE = Automatic;
				CURRENT_PROJECT_VERSION = 1;
				DEVELOPMENT_ASSET_PATHS = "\"Most Magical Pins/Preview Content\"";
				ENABLE_PREVIEWS = YES;
				GENERATE_INFOPLIST_FILE = YES;
				INFOPLIST_KEY_UIApplicationSceneManifest_Generation = YES;
				INFOPLIST_KEY_UIApplicationSupportsIndirectInputEvents = YES;
				INFOPLIST_KEY_UILaunchScreen_Generation = YES;
				INFOPLIST_KEY_UISupportedInterfaceOrientations_iPad = "UIInterfaceOrientationPortrait UIInterfaceOrientationPortraitUpsideDown UIInterfaceOrientationLandscapeLeft UIInterfaceOrientationLandscapeRight";
				INFOPLIST_KEY_UISupportedInterfaceOrientations_iPhone = "UIInterfaceOrientationPortrait UIInterfaceOrientationLandscapeLeft UIInterfaceOrientationLandscapeRight";
				LD_RUNPATH_SEARCH_PATHS = (
					"$(inherited)",
					"@executable_path/Frameworks",
				);
				MARKETING_VERSION = 1.0;
				PRODUCT_BUNDLE_IDENTIFIER = "threelambs.com.Most-Magical-Pins";
				PRODUCT_NAME = "$(TARGET_NAME)";
				SWIFT_EMIT_LOC_STRINGS = YES;
				SWIFT_VERSION = 5.0;
				TARGETED_DEVICE_FAMILY = "1,2";
			};
			name = Release;
		};
		E130AD052A3CF4A7003F91E4 /* Debug */ = {
			isa = XCBuildConfiguration;
			buildSettings = {
				ALWAYS_EMBED_SWIFT_STANDARD_LIBRARIES = YES;
				BUNDLE_LOADER = "$(TEST_HOST)";
				CODE_SIGN_STYLE = Automatic;
				CURRENT_PROJECT_VERSION = 1;
				GENERATE_INFOPLIST_FILE = YES;
				IPHONEOS_DEPLOYMENT_TARGET = 16.2;
				MARKETING_VERSION = 1.0;
				PRODUCT_BUNDLE_IDENTIFIER = "threelambs.com.Most-Magical-PinsTests";
				PRODUCT_NAME = "$(TARGET_NAME)";
				SWIFT_EMIT_LOC_STRINGS = NO;
				SWIFT_VERSION = 5.0;
				TARGETED_DEVICE_FAMILY = "1,2";
				TEST_HOST = "$(BUILT_PRODUCTS_DIR)/Most Magical Pins.app/$(BUNDLE_EXECUTABLE_FOLDER_PATH)/Most Magical Pins";
			};
			name = Debug;
		};
		E130AD062A3CF4A7003F91E4 /* Release */ = {
			isa = XCBuildConfiguration;
			buildSettings = {
				ALWAYS_EMBED_SWIFT_STANDARD_LIBRARIES = YES;
				BUNDLE_LOADER = "$(TEST_HOST)";
				CODE_SIGN_STYLE = Automatic;
				CURRENT_PROJECT_VERSION = 1;
				GENERATE_INFOPLIST_FILE = YES;
				IPHONEOS_DEPLOYMENT_TARGET = 16.2;
				MARKETING_VERSION = 1.0;
				PRODUCT_BUNDLE_IDENTIFIER = "threelambs.com.Most-Magical-PinsTests";
				PRODUCT_NAME = "$(TARGET_NAME)";
				SWIFT_EMIT_LOC_STRINGS = NO;
				SWIFT_VERSION = 5.0;
				TARGETED_DEVICE_FAMILY = "1,2";
				TEST_HOST = "$(BUILT_PRODUCTS_DIR)/Most Magical Pins.app/$(BUNDLE_EXECUTABLE_FOLDER_PATH)/Most Magical Pins";
			};
			name = Release;
		};
		E130AD082A3CF4A7003F91E4 /* Debug */ = {
			isa = XCBuildConfiguration;
			buildSettings = {
				ALWAYS_EMBED_SWIFT_STANDARD_LIBRARIES = YES;
				CODE_SIGN_STYLE = Automatic;
				CURRENT_PROJECT_VERSION = 1;
				GENERATE_INFOPLIST_FILE = YES;
				MARKETING_VERSION = 1.0;
				PRODUCT_BUNDLE_IDENTIFIER = "threelambs.com.Most-Magical-PinsUITests";
				PRODUCT_NAME = "$(TARGET_NAME)";
				SWIFT_EMIT_LOC_STRINGS = NO;
				SWIFT_VERSION = 5.0;
				TARGETED_DEVICE_FAMILY = "1,2";
				TEST_TARGET_NAME = "Most Magical Pins";
			};
			name = Debug;
		};
		E130AD092A3CF4A7003F91E4 /* Release */ = {
			isa = XCBuildConfiguration;
			buildSettings = {
				ALWAYS_EMBED_SWIFT_STANDARD_LIBRARIES = YES;
				CODE_SIGN_STYLE = Automatic;
				CURRENT_PROJECT_VERSION = 1;
				GENERATE_INFOPLIST_FILE = YES;
				MARKETING_VERSION = 1.0;
				PRODUCT_BUNDLE_IDENTIFIER = "threelambs.com.Most-Magical-PinsUITests";
				PRODUCT_NAME = "$(TARGET_NAME)";
				SWIFT_EMIT_LOC_STRINGS = NO;
				SWIFT_VERSION = 5.0;
				TARGETED_DEVICE_FAMILY = "1,2";
				TEST_TARGET_NAME = "Most Magical Pins";
			};
			name = Release;
		};
/* End XCBuildConfiguration section */

/* Begin XCConfigurationList section */
		E130ACD82A3CF4A6003F91E4 /* Build configuration list for PBXProject "Most Magical Pins" */ = {
			isa = XCConfigurationList;
			buildConfigurations = (
				E130ACFF2A3CF4A7003F91E4 /* Debug */,
				E130AD002A3CF4A7003F91E4 /* Release */,
			);
			defaultConfigurationIsVisible = 0;
			defaultConfigurationName = Release;
		};
		E130AD012A3CF4A7003F91E4 /* Build configuration list for PBXNativeTarget "Most Magical Pins" */ = {
			isa = XCConfigurationList;
			buildConfigurations = (
				E130AD022A3CF4A7003F91E4 /* Debug */,
				E130AD032A3CF4A7003F91E4 /* Release */,
			);
			defaultConfigurationIsVisible = 0;
			defaultConfigurationName = Release;
		};
		E130AD042A3CF4A7003F91E4 /* Build configuration list for PBXNativeTarget "Most Magical PinsTests" */ = {
			isa = XCConfigurationList;
			buildConfigurations = (
				E130AD052A3CF4A7003F91E4 /* Debug */,
				E130AD062A3CF4A7003F91E4 /* Release */,
			);
			defaultConfigurationIsVisible = 0;
			defaultConfigurationName = Release;
		};
		E130AD072A3CF4A7003F91E4 /* Build configuration list for PBXNativeTarget "Most Magical PinsUITests" */ = {
			isa = XCConfigurationList;
			buildConfigurations = (
				E130AD082A3CF4A7003F91E4 /* Debug */,
				E130AD092A3CF4A7003F91E4 /* Release */,
			);
			defaultConfigurationIsVisible = 0;
			defaultConfigurationName = Release;
		};
/* End XCConfigurationList section */
	};
	rootObject = E130ACD52A3CF4A6003F91E4 /* Project object */;
}
